
Microsoft Visual Studio Solution File, Format Version 11.00
# Visual Studio 2010
Project("{FAE04EC0-301F-11D3-BF4B-00C04F79EFBC}") = "Assembly-CSharp", "Assembly-CSharp.csproj", "{352DE1FB-020A-B7C6-A580-D0C065B2473D}"
EndProject
Project("{FAE04EC0-301F-11D3-BF4B-00C04F79EFBC}") = "Assembly-CSharp-firstpass", "Assembly-CSharp-firstpass.csproj", "{9DD8ACD9-506C-2B8D-0365-D7F574B12EF3}"
EndProject
Project("{FAE04EC0-301F-11D3-BF4B-00C04F79EFBC}") = "Assembly-CSharp-Editor", "Assembly-CSharp-Editor.csproj", "{C8C3A32B-3651-4C64-0AC3-6434FE131AC6}"
EndProject
Global
	GlobalSection(SolutionConfigurationPlatforms) = preSolution
		Debug|Any CPU = Debug|Any CPU
		Release|Any CPU = Release|Any CPU
	EndGlobalSection
	GlobalSection(ProjectConfigurationPlatforms) = postSolution
		{352DE1FB-020A-B7C6-A580-D0C065B2473D}.Debug|Any CPU.ActiveCfg = Debug|Any CPU
		{352DE1FB-020A-B7C6-A580-D0C065B2473D}.Debug|Any CPU.Build.0 = Debug|Any CPU
		{352DE1FB-020A-B7C6-A580-D0C065B2473D}.Release|Any CPU.ActiveCfg = Release|Any CPU
		{352DE1FB-020A-B7C6-A580-D0C065B2473D}.Release|Any CPU.Build.0 = Release|Any CPU
		{9DD8ACD9-506C-2B8D-0365-D7F574B12EF3}.Debug|Any CPU.ActiveCfg = Debug|Any CPU
		{9DD8ACD9-506C-2B8D-0365-D7F574B12EF3}.Debug|Any CPU.Build.0 = Debug|Any CPU
		{9DD8ACD9-506C-2B8D-0365-D7F574B12EF3}.Release|Any CPU.ActiveCfg = Release|Any CPU
		{9DD8ACD9-506C-2B8D-0365-D7F574B12EF3}.Release|Any CPU.Build.0 = Release|Any CPU
		{C8C3A32B-3651-4C64-0AC3-6434FE131AC6}.Debug|Any CPU.ActiveCfg = Debug|Any CPU
		{C8C3A32B-3651-4C64-0AC3-6434FE131AC6}.Debug|Any CPU.Build.0 = Debug|Any CPU
		{C8C3A32B-3651-4C64-0AC3-6434FE131AC6}.Release|Any CPU.ActiveCfg = Release|Any CPU
		{C8C3A32B-3651-4C64-0AC3-6434FE131AC6}.Release|Any CPU.Build.0 = Release|Any CPU
	EndGlobalSection
	GlobalSection(SolutionProperties) = preSolution
		HideSolutionNode = FALSE
	EndGlobalSection
	GlobalSection(MonoDevelopProperties) = preSolution
		StartupItem = Assembly-CSharp.csproj
	EndGlobalSection
EndGlobal
